// !$*UTF8*$!
{
	archiveVersion = 1;
	classes = {
	};
	objectVersion = 55;
	objects = {

/* Begin PBXBuildFile section */
		BBA7C80A275C6E5800FDA618 /* WeatherApp_SwiftUIApp.swift in Sources */ = {isa = PBXBuildFile; fileRef = BBA7C809275C6E5800FDA618 /* WeatherApp_SwiftUIApp.swift */; };
		BBA7C80C275C6E5800FDA618 /* ContentView.swift in Sources */ = {isa = PBXBuildFile; fileRef = BBA7C80B275C6E5800FDA618 /* ContentView.swift */; };
		BBA7C80E275C6E5A00FDA618 /* Assets.xcassets in Resources */ = {isa = PBXBuildFile; fileRef = BBA7C80D275C6E5A00FDA618 /* Assets.xcassets */; };
		BBA7C811275C6E5A00FDA618 /* Preview Assets.xcassets in Resources */ = {isa = PBXBuildFile; fileRef = BBA7C810275C6E5A00FDA618 /* Preview Assets.xcassets */; };
		BBA7C819275C6EAF00FDA618 /* LocationManager.swift in Sources */ = {isa = PBXBuildFile; fileRef = BBA7C818275C6EAF00FDA618 /* LocationManager.swift */; };
		BBA7C81C275C70AB00FDA618 /* WelcomeView.swift in Sources */ = {isa = PBXBuildFile; fileRef = BBA7C81B275C70AB00FDA618 /* WelcomeView.swift */; };
		BBA7C81E275C74A000FDA618 /* LoadingView.swift in Sources */ = {isa = PBXBuildFile; fileRef = BBA7C81D275C74A000FDA618 /* LoadingView.swift */; };
		BBA7C821275C76DF00FDA618 /* WeatherManager.swift in Sources */ = {isa = PBXBuildFile; fileRef = BBA7C820275C76DF00FDA618 /* WeatherManager.swift */; };
		BBA7C823275C7F5C00FDA618 /* WeatherContainerView.swift in Sources */ = {isa = PBXBuildFile; fileRef = BBA7C822275C7F5C00FDA618 /* WeatherContainerView.swift */; };
		BBA7C825275C801200FDA618 /* ModalData.swift in Sources */ = {isa = PBXBuildFile; fileRef = BBA7C824275C801200FDA618 /* ModalData.swift */; };
		BBA7C827275C81C900FDA618 /* WeatherData.json in Resources */ = {isa = PBXBuildFile; fileRef = BBA7C826275C81C900FDA618 /* WeatherData.json */; };
		BBA7C829275C839900FDA618 /* Extensions.swift in Sources */ = {isa = PBXBuildFile; fileRef = BBA7C828275C839900FDA618 /* Extensions.swift */; };
		BBA7C82C275C8C8D00FDA618 /* WeatherRow.swift in Sources */ = {isa = PBXBuildFile; fileRef = BBA7C82B275C8C8D00FDA618 /* WeatherRow.swift */; };
		BBA7C82E275C910900FDA618 /* WeatherDrawerView.swift in Sources */ = {isa = PBXBuildFile; fileRef = BBA7C82D275C910900FDA618 /* WeatherDrawerView.swift */; };
		BBA7C831275C963000FDA618 /* WeatherTemperatureView.swift in Sources */ = {isa = PBXBuildFile; fileRef = BBA7C830275C963000FDA618 /* WeatherTemperatureView.swift */; };
		BBA7C833275C9E4600FDA618 /* WeatherConditionImageView.swift in Sources */ = {isa = PBXBuildFile; fileRef = BBA7C832275C9E4600FDA618 /* WeatherConditionImageView.swift */; };
		BBA7C835275C9FF700FDA618 /* Constants.swift in Sources */ = {isa = PBXBuildFile; fileRef = BBA7C834275C9FF700FDA618 /* Constants.swift */; };
/* End PBXBuildFile section */

/* Begin PBXFileReference section */
		BBA7C806275C6E5800FDA618 /* WeatherApp-SwiftUI.app */ = {isa = PBXFileReference; explicitFileType = wrapper.application; includeInIndex = 0; path = "WeatherApp-SwiftUI.app"; sourceTree = BUILT_PRODUCTS_DIR; };
		BBA7C809275C6E5800FDA618 /* WeatherApp_SwiftUIApp.swift */ = {isa = PBXFileReference; lastKnownFileType = sourcecode.swift; path = WeatherApp_SwiftUIApp.swift; sourceTree = "<group>"; };
		BBA7C80B275C6E5800FDA618 /* ContentView.swift */ = {isa = PBXFileReference; lastKnownFileType = sourcecode.swift; path = ContentView.swift; sourceTree = "<group>"; };
		BBA7C80D275C6E5A00FDA618 /* Assets.xcassets */ = {isa = PBXFileReference; lastKnownFileType = folder.assetcatalog; path = Assets.xcassets; sourceTree = "<group>"; };
		BBA7C810275C6E5A00FDA618 /* Preview Assets.xcassets */ = {isa = PBXFileReference; lastKnownFileType = folder.assetcatalog; path = "Preview Assets.xcassets"; sourceTree = "<group>"; };
		BBA7C818275C6EAF00FDA618 /* LocationManager.swift */ = {isa = PBXFileReference; lastKnownFileType = sourcecode.swift; path = LocationManager.swift; sourceTree = "<group>"; };
		BBA7C81B275C70AB00FDA618 /* WelcomeView.swift */ = {isa = PBXFileReference; lastKnownFileType = sourcecode.swift; path = WelcomeView.swift; sourceTree = "<group>"; };
		BBA7C81D275C74A000FDA618 /* LoadingView.swift */ = {isa = PBXFileReference; lastKnownFileType = sourcecode.swift; path = LoadingView.swift; sourceTree = "<group>"; };
		BBA7C820275C76DF00FDA618 /* WeatherManager.swift */ = {isa = PBXFileReference; lastKnownFileType = sourcecode.swift; path = WeatherManager.swift; sourceTree = "<group>"; };
		BBA7C822275C7F5C00FDA618 /* WeatherContainerView.swift */ = {isa = PBXFileReference; lastKnownFileType = sourcecode.swift; path = WeatherContainerView.swift; sourceTree = "<group>"; };
		BBA7C824275C801200FDA618 /* ModalData.swift */ = {isa = PBXFileReference; lastKnownFileType = sourcecode.swift; path = ModalData.swift; sourceTree = "<group>"; };
		BBA7C826275C81C900FDA618 /* WeatherData.json */ = {isa = PBXFileReference; lastKnownFileType = text.json; path = WeatherData.json; sourceTree = "<group>"; };
		BBA7C828275C839900FDA618 /* Extensions.swift */ = {isa = PBXFileReference; lastKnownFileType = sourcecode.swift; path = Extensions.swift; sourceTree = "<group>"; };
		BBA7C82B275C8C8D00FDA618 /* WeatherRow.swift */ = {isa = PBXFileReference; lastKnownFileType = sourcecode.swift; path = WeatherRow.swift; sourceTree = "<group>"; };
		BBA7C82D275C910900FDA618 /* WeatherDrawerView.swift */ = {isa = PBXFileReference; lastKnownFileType = sourcecode.swift; path = WeatherDrawerView.swift; sourceTree = "<group>"; };
		BBA7C830275C963000FDA618 /* WeatherTemperatureView.swift */ = {isa = PBXFileReference; lastKnownFileType = sourcecode.swift; path = WeatherTemperatureView.swift; sourceTree = "<group>"; };
		BBA7C832275C9E4600FDA618 /* WeatherConditionImageView.swift */ = {isa = PBXFileReference; lastKnownFileType = sourcecode.swift; path = WeatherConditionImageView.swift; sourceTree = "<group>"; };
		BBA7C834275C9FF700FDA618 /* Constants.swift */ = {isa = PBXFileReference; lastKnownFileType = sourcecode.swift; path = Constants.swift; sourceTree = "<group>"; };
/* End PBXFileReference section */

/* Begin PBXFrameworksBuildPhase section */
		BBA7C803275C6E5800FDA618 /* Frameworks */ = {
			isa = PBXFrameworksBuildPhase;
			buildActionMask = 2147483647;
			files = (
			);
			runOnlyForDeploymentPostprocessing = 0;
		};
/* End PBXFrameworksBuildPhase section */

/* Begin PBXGroup section */
		BBA7C7FD275C6E5800FDA618 = {
			isa = PBXGroup;
			children = (
				BBA7C808275C6E5800FDA618 /* WeatherApp-SwiftUI */,
				BBA7C807275C6E5800FDA618 /* Products */,
			);
			sourceTree = "<group>";
		};
		BBA7C807275C6E5800FDA618 /* Products */ = {
			isa = PBXGroup;
			children = (
				BBA7C806275C6E5800FDA618 /* WeatherApp-SwiftUI.app */,
			);
			name = Products;
			sourceTree = "<group>";
		};
		BBA7C808275C6E5800FDA618 /* WeatherApp-SwiftUI */ = {
			isa = PBXGroup;
			children = (
				BBA7C82A275C8C6F00FDA618 /* Components */,
				BBA7C81A275C706200FDA618 /* Views */,
				BBA7C817275C6E9900FDA618 /* Managers */,
				BBA7C809275C6E5800FDA618 /* WeatherApp_SwiftUIApp.swift */,
				BBA7C80D275C6E5A00FDA618 /* Assets.xcassets */,
				BBA7C80F275C6E5A00FDA618 /* Preview Content */,
				BBA7C828275C839900FDA618 /* Extensions.swift */,
				BBA7C834275C9FF700FDA618 /* Constants.swift */,
			);
			path = "WeatherApp-SwiftUI";
			sourceTree = "<group>";
		};
		BBA7C80F275C6E5A00FDA618 /* Preview Content */ = {
			isa = PBXGroup;
			children = (
				BBA7C810275C6E5A00FDA618 /* Preview Assets.xcassets */,
				BBA7C824275C801200FDA618 /* ModalData.swift */,
				BBA7C826275C81C900FDA618 /* WeatherData.json */,
			);
			path = "Preview Content";
			sourceTree = "<group>";
		};
		BBA7C817275C6E9900FDA618 /* Managers */ = {
			isa = PBXGroup;
			children = (
				BBA7C818275C6EAF00FDA618 /* LocationManager.swift */,
				BBA7C820275C76DF00FDA618 /* WeatherManager.swift */,
			);
			path = Managers;
			sourceTree = "<group>";
		};
		BBA7C81A275C706200FDA618 /* Views */ = {
			isa = PBXGroup;
			children = (
				BBA7C82F275C95E800FDA618 /* Weather */,
				BBA7C80B275C6E5800FDA618 /* ContentView.swift */,
				BBA7C81B275C70AB00FDA618 /* WelcomeView.swift */,
				BBA7C81D275C74A000FDA618 /* LoadingView.swift */,
			);
			path = Views;
			sourceTree = "<group>";
		};
		BBA7C82A275C8C6F00FDA618 /* Components */ = {
			isa = PBXGroup;
			children = (
				BBA7C82B275C8C8D00FDA618 /* WeatherRow.swift */,
				BBA7C832275C9E4600FDA618 /* WeatherConditionImageView.swift */,
			);
			path = Components;
			sourceTree = "<group>";
		};
		BBA7C82F275C95E800FDA618 /* Weather */ = {
			isa = PBXGroup;
			children = (
				BBA7C822275C7F5C00FDA618 /* WeatherContainerView.swift */,
				BBA7C830275C963000FDA618 /* WeatherTemperatureView.swift */,
				BBA7C82D275C910900FDA618 /* WeatherDrawerView.swift */,
			);
			path = Weather;
			sourceTree = "<group>";
		};
/* End PBXGroup section */

/* Begin PBXNativeTarget section */
		BBA7C805275C6E5800FDA618 /* WeatherApp-SwiftUI */ = {
			isa = PBXNativeTarget;
			buildConfigurationList = BBA7C814275C6E5A00FDA618 /* Build configuration list for PBXNativeTarget "WeatherApp-SwiftUI" */;
			buildPhases = (
				BBA7C802275C6E5800FDA618 /* Sources */,
				BBA7C803275C6E5800FDA618 /* Frameworks */,
				BBA7C804275C6E5800FDA618 /* Resources */,
			);
			buildRules = (
			);
			dependencies = (
			);
			name = "WeatherApp-SwiftUI";
			productName = "WeatherApp-SwiftUI";
			productReference = BBA7C806275C6E5800FDA618 /* WeatherApp-SwiftUI.app */;
			productType = "com.apple.product-type.application";
		};
/* End PBXNativeTarget section */

/* Begin PBXProject section */
		BBA7C7FE275C6E5800FDA618 /* Project object */ = {
			isa = PBXProject;
			attributes = {
				BuildIndependentTargetsInParallel = 1;
				LastSwiftUpdateCheck = 1310;
				LastUpgradeCheck = 1310;
				TargetAttributes = {
					BBA7C805275C6E5800FDA618 = {
						CreatedOnToolsVersion = 13.1;
					};
				};
			};
			buildConfigurationList = BBA7C801275C6E5800FDA618 /* Build configuration list for PBXProject "WeatherApp-SwiftUI" */;
			compatibilityVersion = "Xcode 13.0";
			developmentRegion = en;
			hasScannedForEncodings = 0;
			knownRegions = (
				en,
				Base,
			);
			mainGroup = BBA7C7FD275C6E5800FDA618;
			productRefGroup = BBA7C807275C6E5800FDA618 /* Products */;
			projectDirPath = "";
			projectRoot = "";
			targets = (
				BBA7C805275C6E5800FDA618 /* WeatherApp-SwiftUI */,
			);
		};
/* End PBXProject section */

/* Begin PBXResourcesBuildPhase section */
		BBA7C804275C6E5800FDA618 /* Resources */ = {
			isa = PBXResourcesBuildPhase;
			buildActionMask = 2147483647;
			files = (
				BBA7C827275C81C900FDA618 /* WeatherData.json in Resources */,
				BBA7C811275C6E5A00FDA618 /* Preview Assets.xcassets in Resources */,
				BBA7C80E275C6E5A00FDA618 /* Assets.xcassets in Resources */,
			);
			runOnlyForDeploymentPostprocessing = 0;
		};
/* End PBXResourcesBuildPhase section */

/* Begin PBXSourcesBuildPhase section */
		BBA7C802275C6E5800FDA618 /* Sources */ = {
			isa = PBXSourcesBuildPhase;
			buildActionMask = 2147483647;
			files = (
				BBA7C821275C76DF00FDA618 /* WeatherManager.swift in Sources */,
				BBA7C829275C839900FDA618 /* Extensions.swift in Sources */,
				BBA7C833275C9E4600FDA618 /* WeatherConditionImageView.swift in Sources */,
				BBA7C825275C801200FDA618 /* ModalData.swift in Sources */,
				BBA7C80C275C6E5800FDA618 /* ContentView.swift in Sources */,
				BBA7C80A275C6E5800FDA618 /* WeatherApp_SwiftUIApp.swift in Sources */,
				BBA7C82C275C8C8D00FDA618 /* WeatherRow.swift in Sources */,
				BBA7C819275C6EAF00FDA618 /* LocationManager.swift in Sources */,
				BBA7C81E275C74A000FDA618 /* LoadingView.swift in Sources */,
				BBA7C831275C963000FDA618 /* WeatherTemperatureView.swift in Sources */,
				BBA7C82E275C910900FDA618 /* WeatherDrawerView.swift in Sources */,
				BBA7C835275C9FF700FDA618 /* Constants.swift in Sources */,
				BBA7C823275C7F5C00FDA618 /* WeatherContainerView.swift in Sources */,
				BBA7C81C275C70AB00FDA618 /* WelcomeView.swift in Sources */,
			);
			runOnlyForDeploymentPostprocessing = 0;
		};
/* End PBXSourcesBuildPhase section */

/* Begin XCBuildConfiguration section */
		BBA7C812275C6E5A00FDA618 /* Debug */ = {
			isa = XCBuildConfiguration;
			buildSettings = {
				ALWAYS_SEARCH_USER_PATHS = NO;
				CLANG_ANALYZER_NONNULL = YES;
				CLANG_ANALYZER_NUMBER_OBJECT_CONVERSION = YES_AGGRESSIVE;
				CLANG_CXX_LANGUAGE_STANDARD = "gnu++17";
				CLANG_CXX_LIBRARY = "libc++";
				CLANG_ENABLE_MODULES = YES;
				CLANG_ENABLE_OBJC_ARC = YES;
				CLANG_ENABLE_OBJC_WEAK = YES;
				CLANG_WARN_BLOCK_CAPTURE_AUTORELEASING = YES;
				CLANG_WARN_BOOL_CONVERSION = YES;
				CLANG_WARN_COMMA = YES;
				CLANG_WARN_CONSTANT_CONVERSION = YES;
				CLANG_WARN_DEPRECATED_OBJC_IMPLEMENTATIONS = YES;
				CLANG_WARN_DIRECT_OBJC_ISA_USAGE = YES_ERROR;
				CLANG_WARN_DOCUMENTATION_COMMENTS = YES;
				CLANG_WARN_EMPTY_BODY = YES;
				CLANG_WARN_ENUM_CONVERSION = YES;
				CLANG_WARN_INFINITE_RECURSION = YES;
				CLANG_WARN_INT_CONVERSION = YES;
				CLANG_WARN_NON_LITERAL_NULL_CONVERSION = YES;
				CLANG_WARN_OBJC_IMPLICIT_RETAIN_SELF = YES;
				CLANG_WARN_OBJC_LITERAL_CONVERSION = YES;
				CLANG_WARN_OBJC_ROOT_CLASS = YES_ERROR;
				CLANG_WARN_QUOTED_INCLUDE_IN_FRAMEWORK_HEADER = YES;
				CLANG_WARN_RANGE_LOOP_ANALYSIS = YES;
				CLANG_WARN_STRICT_PROTOTYPES = YES;
				CLANG_WARN_SUSPICIOUS_MOVE = YES;
				CLANG_WARN_UNGUARDED_AVAILABILITY = YES_AGGRESSIVE;
				CLANG_WARN_UNREACHABLE_CODE = YES;
				CLANG_WARN__DUPLICATE_METHOD_MATCH = YES;
				COPY_PHASE_STRIP = NO;
				DEBUG_INFORMATION_FORMAT = dwarf;
				ENABLE_STRICT_OBJC_MSGSEND = YES;
				ENABLE_TESTABILITY = YES;
				GCC_C_LANGUAGE_STANDARD = gnu11;
				GCC_DYNAMIC_NO_PIC = NO;
				GCC_NO_COMMON_BLOCKS = YES;
				GCC_OPTIMIZATION_LEVEL = 0;
				GCC_PREPROCESSOR_DEFINITIONS = (
					"DEBUG=1",
					"$(inherited)",
				);
				GCC_WARN_64_TO_32_BIT_CONVERSION = YES;
				GCC_WARN_ABOUT_RETURN_TYPE = YES_ERROR;
				GCC_WARN_UNDECLARED_SELECTOR = YES;
				GCC_WARN_UNINITIALIZED_AUTOS = YES_AGGRESSIVE;
				GCC_WARN_UNUSED_FUNCTION = YES;
				GCC_WARN_UNUSED_VARIABLE = YES;
				IPHONEOS_DEPLOYMENT_TARGET = 15.0;
				MTL_ENABLE_DEBUG_INFO = INCLUDE_SOURCE;
				MTL_FAST_MATH = YES;
				ONLY_ACTIVE_ARCH = YES;
				SDKROOT = iphoneos;
				SWIFT_ACTIVE_COMPILATION_CONDITIONS = DEBUG;
				SWIFT_OPTIMIZATION_LEVEL = "-Onone";
			};
			name = Debug;
		};
		BBA7C813275C6E5A00FDA618 /* Release */ = {
			isa = XCBuildConfiguration;
			buildSettings = {
				ALWAYS_SEARCH_USER_PATHS = NO;
				CLANG_ANALYZER_NONNULL = YES;
				CLANG_ANALYZER_NUMBER_OBJECT_CONVERSION = YES_AGGRESSIVE;
				CLANG_CXX_LANGUAGE_STANDARD = "gnu++17";
				CLANG_CXX_LIBRARY = "libc++";
				CLANG_ENABLE_MODULES = YES;
				CLANG_ENABLE_OBJC_ARC = YES;
				CLANG_ENABLE_OBJC_WEAK = YES;
				CLANG_WARN_BLOCK_CAPTURE_AUTORELEASING = YES;
				CLANG_WARN_BOOL_CONVERSION = YES;
				CLANG_WARN_COMMA = YES;
				CLANG_WARN_CONSTANT_CONVERSION = YES;
				CLANG_WARN_DEPRECATED_OBJC_IMPLEMENTATIONS = YES;
				CLANG_WARN_DIRECT_OBJC_ISA_USAGE = YES_ERROR;
				CLANG_WARN_DOCUMENTATION_COMMENTS = YES;
				CLANG_WARN_EMPTY_BODY = YES;
				CLANG_WARN_ENUM_CONVERSION = YES;
				CLANG_WARN_INFINITE_RECURSION = YES;
				CLANG_WARN_INT_CONVERSION = YES;
				CLANG_WARN_NON_LITERAL_NULL_CONVERSION = YES;
				CLANG_WARN_OBJC_IMPLICIT_RETAIN_SELF = YES;
				CLANG_WARN_OBJC_LITERAL_CONVERSION = YES;
				CLANG_WARN_OBJC_ROOT_CLASS = YES_ERROR;
				CLANG_WARN_QUOTED_INCLUDE_IN_FRAMEWORK_HEADER = YES;
				CLANG_WARN_RANGE_LOOP_ANALYSIS = YES;
				CLANG_WARN_STRICT_PROTOTYPES = YES;
				CLANG_WARN_SUSPICIOUS_MOVE = YES;
				CLANG_WARN_UNGUARDED_AVAILABILITY = YES_AGGRESSIVE;
				CLANG_WARN_UNREACHABLE_CODE = YES;
				CLANG_WARN__DUPLICATE_METHOD_MATCH = YES;
				COPY_PHASE_STRIP = NO;
				DEBUG_INFORMATION_FORMAT = "dwarf-with-dsym";
				ENABLE_NS_ASSERTIONS = NO;
				ENABLE_STRICT_OBJC_MSGSEND = YES;
				GCC_C_LANGUAGE_STANDARD = gnu11;
				GCC_NO_COMMON_BLOCKS = YES;
				GCC_WARN_64_TO_32_BIT_CONVERSION = YES;
				GCC_WARN_ABOUT_RETURN_TYPE = YES_ERROR;
				GCC_WARN_UNDECLARED_SELECTOR = YES;
				GCC_WARN_UNINITIALIZED_AUTOS = YES_AGGRESSIVE;
				GCC_WARN_UNUSED_FUNCTION = YES;
				GCC_WARN_UNUSED_VARIABLE = YES;
				IPHONEOS_DEPLOYMENT_TARGET = 15.0;
				MTL_ENABLE_DEBUG_INFO = NO;
				MTL_FAST_MATH = YES;
				SDKROOT = iphoneos;
				SWIFT_COMPILATION_MODE = wholemodule;
				SWIFT_OPTIMIZATION_LEVEL = "-O";
				VALIDATE_PRODUCT = YES;
			};
			name = Release;
		};
		BBA7C815275C6E5A00FDA618 /* Debug */ = {
			isa = XCBuildConfiguration;
			buildSettings = {
				ASSETCATALOG_COMPILER_APPICON_NAME = AppIcon;
				ASSETCATALOG_COMPILER_GLOBAL_ACCENT_COLOR_NAME = AccentColor;
				CODE_SIGN_STYLE = Automatic;
				CURRENT_PROJECT_VERSION = 1;
				DEVELOPMENT_ASSET_PATHS = "\"WeatherApp-SwiftUI/Preview Content\"";
				DEVELOPMENT_TEAM = C6AQM8MP6F;
				ENABLE_PREVIEWS = YES;
				GENERATE_INFOPLIST_FILE = YES;
				INFOPLIST_KEY_UIApplicationSceneManifest_Generation = YES;
				INFOPLIST_KEY_UIApplicationSupportsIndirectInputEvents = YES;
				INFOPLIST_KEY_UILaunchScreen_Generation = YES;
				INFOPLIST_KEY_UISupportedInterfaceOrientations_iPad = "UIInterfaceOrientationPortrait UIInterfaceOrientationPortraitUpsideDown UIInterfaceOrientationLandscapeLeft UIInterfaceOrientationLandscapeRight";
				INFOPLIST_KEY_UISupportedInterfaceOrientations_iPhone = "UIInterfaceOrientationPortrait UIInterfaceOrientationLandscapeLeft UIInterfaceOrientationLandscapeRight";
				LD_RUNPATH_SEARCH_PATHS = (
					"$(inherited)",
					"@executable_path/Frameworks",
				);
				MARKETING_VERSION = 1.0;
				PRODUCT_BUNDLE_IDENTIFIER = "com.somesharora.WeatherApp-SwiftUI";
				PRODUCT_NAME = "$(TARGET_NAME)";
				SWIFT_EMIT_LOC_STRINGS = YES;
				SWIFT_VERSION = 5.0;
				TARGETED_DEVICE_FAMILY = "1,2";
			};
			name = Debug;
		};
		BBA7C816275C6E5A00FDA618 /* Release */ = {
			isa = XCBuildConfiguration;
			buildSettings = {
				ASSETCATALOG_COMPILER_APPICON_NAME = AppIcon;
				ASSETCATALOG_COMPILER_GLOBAL_ACCENT_COLOR_NAME = AccentColor;
				CODE_SIGN_STYLE = Automatic;
				CURRENT_PROJECT_VERSION = 1;
				DEVELOPMENT_ASSET_PATHS = "\"WeatherApp-SwiftUI/Preview Content\"";
				DEVELOPMENT_TEAM = C6AQM8MP6F;
				ENABLE_PREVIEWS = YES;
				GENERATE_INFOPLIST_FILE = YES;
				INFOPLIST_KEY_UIApplicationSceneManifest_Generation = YES;
				INFOPLIST_KEY_UIApplicationSupportsIndirectInputEvents = YES;
				INFOPLIST_KEY_UILaunchScreen_Generation = YES;
				INFOPLIST_KEY_UISupportedInterfaceOrientations_iPad = "UIInterfaceOrientationPortrait UIInterfaceOrientationPortraitUpsideDown UIInterfaceOrientationLandscapeLeft UIInterfaceOrientationLandscapeRight";
				INFOPLIST_KEY_UISupportedInterfaceOrientations_iPhone = "UIInterfaceOrientationPortrait UIInterfaceOrientationLandscapeLeft UIInterfaceOrientationLandscapeRight";
				LD_RUNPATH_SEARCH_PATHS = (
					"$(inherited)",
					"@executable_path/Frameworks",
				);
				MARKETING_VERSION = 1.0;
				PRODUCT_BUNDLE_IDENTIFIER = "com.somesharora.WeatherApp-SwiftUI";
				PRODUCT_NAME = "$(TARGET_NAME)";
				SWIFT_EMIT_LOC_STRINGS = YES;
				SWIFT_VERSION = 5.0;
				TARGETED_DEVICE_FAMILY = "1,2";
			};
			name = Release;
		};
/* End XCBuildConfiguration section */

/* Begin XCConfigurationList section */
		BBA7C801275C6E5800FDA618 /* Build configuration list for PBXProject "WeatherApp-SwiftUI" */ = {
			isa = XCConfigurationList;
			buildConfigurations = (
				BBA7C812275C6E5A00FDA618 /* Debug */,
				BBA7C813275C6E5A00FDA618 /* Release */,
			);
			defaultConfigurationIsVisible = 0;
			defaultConfigurationName = Release;
		};
		BBA7C814275C6E5A00FDA618 /* Build configuration list for PBXNativeTarget "WeatherApp-SwiftUI" */ = {
			isa = XCConfigurationList;
			buildConfigurations = (
				BBA7C815275C6E5A00FDA618 /* Debug */,
				BBA7C816275C6E5A00FDA618 /* Release */,
			);
			defaultConfigurationIsVisible = 0;
			defaultConfigurationName = Release;
		};
/* End XCConfigurationList section */
	};
	rootObject = BBA7C7FE275C6E5800FDA618 /* Project object */;
}
